
Microsoft Visual Studio Solution File, Format Version 12.00
# Visual Studio Version 17
VisualStudioVersion = 17.6.33815.320
MinimumVisualStudioVersion = 10.0.40219.1
Project("{FAE04EC0-301F-11D3-BF4B-00C04F79EFBC}") = "schoolconsole", "schoolconsole\schoolconsole.csproj", "{F64D6538-DCBD-4838-AAB2-3F7EDB10A6B2}"
EndProject
Global
	GlobalSection(SolutionConfigurationPlatforms) = preSolution
		Debug|Any CPU = Debug|Any CPU
		Release|Any CPU = Release|Any CPU
	EndGlobalSection
	GlobalSection(ProjectConfigurationPlatforms) = postSolution
		{F64D6538-DCBD-4838-AAB2-3F7EDB10A6B2}.Debug|Any CPU.ActiveCfg = Debug|Any CPU
		{F64D6538-DCBD-4838-AAB2-3F7EDB10A6B2}.Debug|Any CPU.Build.0 = Debug|Any CPU
		{F64D6538-DCBD-4838-AAB2-3F7EDB10A6B2}.Release|Any CPU.ActiveCfg = Release|Any CPU
		{F64D6538-DCBD-4838-AAB2-3F7EDB10A6B2}.Release|Any CPU.Build.0 = Release|Any CPU
	EndGlobalSection
	GlobalSection(SolutionProperties) = preSolution
		HideSolutionNode = FALSE
	EndGlobalSection
	GlobalSection(ExtensibilityGlobals) = postSolution
		SolutionGuid = {B883C563-7DDE-4BF4-B34D-EEF4D7A03281}
	EndGlobalSection
EndGlobal
