
Microsoft Visual Studio Solution File, Format Version 12.00
# Visual Studio Version 17
VisualStudioVersion = 17.6.33815.320
MinimumVisualStudioVersion = 10.0.40219.1
Project("{FAE04EC0-301F-11D3-BF4B-00C04F79EFBC}") = "readConsole&Parse", "readConsole&Parse\readConsole&Parse.csproj", "{B7679831-F7FA-49AA-8D6D-A509CA216A9F}"
EndProject
Global
	GlobalSection(SolutionConfigurationPlatforms) = preSolution
		Debug|Any CPU = Debug|Any CPU
		Release|Any CPU = Release|Any CPU
	EndGlobalSection
	GlobalSection(ProjectConfigurationPlatforms) = postSolution
		{B7679831-F7FA-49AA-8D6D-A509CA216A9F}.Debug|Any CPU.ActiveCfg = Debug|Any CPU
		{B7679831-F7FA-49AA-8D6D-A509CA216A9F}.Debug|Any CPU.Build.0 = Debug|Any CPU
		{B7679831-F7FA-49AA-8D6D-A509CA216A9F}.Release|Any CPU.ActiveCfg = Release|Any CPU
		{B7679831-F7FA-49AA-8D6D-A509CA216A9F}.Release|Any CPU.Build.0 = Release|Any CPU
	EndGlobalSection
	GlobalSection(SolutionProperties) = preSolution
		HideSolutionNode = FALSE
	EndGlobalSection
	GlobalSection(ExtensibilityGlobals) = postSolution
		SolutionGuid = {88F7616F-13E3-4969-9D92-4E07D8B5E76C}
	EndGlobalSection
EndGlobal
