
Microsoft Visual Studio Solution File, Format Version 12.00
# Visual Studio Version 17
VisualStudioVersion = 17.6.33815.320
MinimumVisualStudioVersion = 10.0.40219.1
Project("{FAE04EC0-301F-11D3-BF4B-00C04F79EFBC}") = "data types", "data types.csproj", "{84C9920B-FEF4-4C5F-B5B6-C987AA58786A}"
EndProject
Global
	GlobalSection(SolutionConfigurationPlatforms) = preSolution
		Debug|Any CPU = Debug|Any CPU
		Release|Any CPU = Release|Any CPU
	EndGlobalSection
	GlobalSection(ProjectConfigurationPlatforms) = postSolution
		{84C9920B-FEF4-4C5F-B5B6-C987AA58786A}.Debug|Any CPU.ActiveCfg = Debug|Any CPU
		{84C9920B-FEF4-4C5F-B5B6-C987AA58786A}.Debug|Any CPU.Build.0 = Debug|Any CPU
		{84C9920B-FEF4-4C5F-B5B6-C987AA58786A}.Release|Any CPU.ActiveCfg = Release|Any CPU
		{84C9920B-FEF4-4C5F-B5B6-C987AA58786A}.Release|Any CPU.Build.0 = Release|Any CPU
	EndGlobalSection
	GlobalSection(SolutionProperties) = preSolution
		HideSolutionNode = FALSE
	EndGlobalSection
	GlobalSection(ExtensibilityGlobals) = postSolution
		SolutionGuid = {B85E7DEB-E811-40FD-ABB5-F0F3B76115DB}
	EndGlobalSection
EndGlobal
