
Microsoft Visual Studio Solution File, Format Version 12.00
# Visual Studio Version 17
VisualStudioVersion = 17.9.34622.214
MinimumVisualStudioVersion = 10.0.40219.1
Project("{FAE04EC0-301F-11D3-BF4B-00C04F79EFBC}") = "Models", "Models\Models.csproj", "{2158B2EF-8FB4-46A2-8435-D298D8E1D1C7}"
EndProject
Project("{FAE04EC0-301F-11D3-BF4B-00C04F79EFBC}") = "ConsoleApp", "ConsoleApp\ConsoleApp.csproj", "{9FC765AA-A844-4071-9349-2CE6292FBDDF}"
EndProject
Global
	GlobalSection(SolutionConfigurationPlatforms) = preSolution
		Debug|Any CPU = Debug|Any CPU
		Release|Any CPU = Release|Any CPU
	EndGlobalSection
	GlobalSection(ProjectConfigurationPlatforms) = postSolution
		{2158B2EF-8FB4-46A2-8435-D298D8E1D1C7}.Debug|Any CPU.ActiveCfg = Debug|Any CPU
		{2158B2EF-8FB4-46A2-8435-D298D8E1D1C7}.Debug|Any CPU.Build.0 = Debug|Any CPU
		{2158B2EF-8FB4-46A2-8435-D298D8E1D1C7}.Release|Any CPU.ActiveCfg = Release|Any CPU
		{2158B2EF-8FB4-46A2-8435-D298D8E1D1C7}.Release|Any CPU.Build.0 = Release|Any CPU
		{9FC765AA-A844-4071-9349-2CE6292FBDDF}.Debug|Any CPU.ActiveCfg = Debug|Any CPU
		{9FC765AA-A844-4071-9349-2CE6292FBDDF}.Debug|Any CPU.Build.0 = Debug|Any CPU
		{9FC765AA-A844-4071-9349-2CE6292FBDDF}.Release|Any CPU.ActiveCfg = Release|Any CPU
		{9FC765AA-A844-4071-9349-2CE6292FBDDF}.Release|Any CPU.Build.0 = Release|Any CPU
	EndGlobalSection
	GlobalSection(SolutionProperties) = preSolution
		HideSolutionNode = FALSE
	EndGlobalSection
	GlobalSection(ExtensibilityGlobals) = postSolution
		SolutionGuid = {AB790A1D-114D-4317-85C5-7FC59A5E49E4}
	EndGlobalSection
EndGlobal
