
Microsoft Visual Studio Solution File, Format Version 12.00
# Visual Studio Version 17
VisualStudioVersion = 17.14.37203.1 d17.14
MinimumVisualStudioVersion = 10.0.40219.1
Project("{FAE04EC0-301F-11D3-BF4B-00C04F79EFBC}") = "ConsoleAppRevision", "ConsoleAppRevision\ConsoleAppRevision.csproj", "{D93A7764-2B90-4C65-89FC-DC338975BB92}"
EndProject
Global
	GlobalSection(SolutionConfigurationPlatforms) = preSolution
		Debug|Any CPU = Debug|Any CPU
		Release|Any CPU = Release|Any CPU
	EndGlobalSection
	GlobalSection(ProjectConfigurationPlatforms) = postSolution
		{D93A7764-2B90-4C65-89FC-DC338975BB92}.Debug|Any CPU.ActiveCfg = Debug|Any CPU
		{D93A7764-2B90-4C65-89FC-DC338975BB92}.Debug|Any CPU.Build.0 = Debug|Any CPU
		{D93A7764-2B90-4C65-89FC-DC338975BB92}.Release|Any CPU.ActiveCfg = Release|Any CPU
		{D93A7764-2B90-4C65-89FC-DC338975BB92}.Release|Any CPU.Build.0 = Release|Any CPU
	EndGlobalSection
	GlobalSection(SolutionProperties) = preSolution
		HideSolutionNode = FALSE
	EndGlobalSection
	GlobalSection(ExtensibilityGlobals) = postSolution
		SolutionGuid = {1839A771-6D1E-4CA7-9FB4-A21FE643F40A}
	EndGlobalSection
EndGlobal
