
Microsoft Visual Studio Solution File, Format Version 12.00
# Visual Studio Version 17
VisualStudioVersion = 17.14.37203.1 d17.14
MinimumVisualStudioVersion = 10.0.40219.1
Project("{FAE04EC0-301F-11D3-BF4B-00C04F79EFBC}") = "ConsoleAppRevision2", "ConsoleAppRevision2\ConsoleAppRevision2.csproj", "{3AE4D1F1-3A6D-429F-9300-2D1C45FE2CE4}"
EndProject
Global
	GlobalSection(SolutionConfigurationPlatforms) = preSolution
		Debug|Any CPU = Debug|Any CPU
		Release|Any CPU = Release|Any CPU
	EndGlobalSection
	GlobalSection(ProjectConfigurationPlatforms) = postSolution
		{3AE4D1F1-3A6D-429F-9300-2D1C45FE2CE4}.Debug|Any CPU.ActiveCfg = Debug|Any CPU
		{3AE4D1F1-3A6D-429F-9300-2D1C45FE2CE4}.Debug|Any CPU.Build.0 = Debug|Any CPU
		{3AE4D1F1-3A6D-429F-9300-2D1C45FE2CE4}.Release|Any CPU.ActiveCfg = Release|Any CPU
		{3AE4D1F1-3A6D-429F-9300-2D1C45FE2CE4}.Release|Any CPU.Build.0 = Release|Any CPU
	EndGlobalSection
	GlobalSection(SolutionProperties) = preSolution
		HideSolutionNode = FALSE
	EndGlobalSection
	GlobalSection(ExtensibilityGlobals) = postSolution
		SolutionGuid = {657539FE-7AF4-4238-AE5D-D2C0C87BFC6F}
	EndGlobalSection
EndGlobal
