
Microsoft Visual Studio Solution File, Format Version 12.00
# Visual Studio Version 17
VisualStudioVersion = 17.9.34616.47
MinimumVisualStudioVersion = 10.0.40219.1
Project("{FAE04EC0-301F-11D3-BF4B-00C04F79EFBC}") = "AgeCalculator", "AgeCalculator\AgeCalculator.csproj", "{8A04D7AA-17F9-4BF9-B50A-B731B31A4B15}"
EndProject
Project("{FAE04EC0-301F-11D3-BF4B-00C04F79EFBC}") = "subStrings", "subStrings\subStrings.csproj", "{ED5FE8B6-A5D1-4AF6-BE1A-ADF6957E0708}"
EndProject
Global
	GlobalSection(SolutionConfigurationPlatforms) = preSolution
		Debug|Any CPU = Debug|Any CPU
		Release|Any CPU = Release|Any CPU
	EndGlobalSection
	GlobalSection(ProjectConfigurationPlatforms) = postSolution
		{8A04D7AA-17F9-4BF9-B50A-B731B31A4B15}.Debug|Any CPU.ActiveCfg = Debug|Any CPU
		{8A04D7AA-17F9-4BF9-B50A-B731B31A4B15}.Debug|Any CPU.Build.0 = Debug|Any CPU
		{8A04D7AA-17F9-4BF9-B50A-B731B31A4B15}.Release|Any CPU.ActiveCfg = Release|Any CPU
		{8A04D7AA-17F9-4BF9-B50A-B731B31A4B15}.Release|Any CPU.Build.0 = Release|Any CPU
		{ED5FE8B6-A5D1-4AF6-BE1A-ADF6957E0708}.Debug|Any CPU.ActiveCfg = Debug|Any CPU
		{ED5FE8B6-A5D1-4AF6-BE1A-ADF6957E0708}.Debug|Any CPU.Build.0 = Debug|Any CPU
		{ED5FE8B6-A5D1-4AF6-BE1A-ADF6957E0708}.Release|Any CPU.ActiveCfg = Release|Any CPU
		{ED5FE8B6-A5D1-4AF6-BE1A-ADF6957E0708}.Release|Any CPU.Build.0 = Release|Any CPU
	EndGlobalSection
	GlobalSection(SolutionProperties) = preSolution
		HideSolutionNode = FALSE
	EndGlobalSection
	GlobalSection(ExtensibilityGlobals) = postSolution
		SolutionGuid = {BF6D2EE6-04D1-4167-9124-1F07AE655314}
	EndGlobalSection
EndGlobal
