
Microsoft Visual Studio Solution File, Format Version 12.00
# Visual Studio Version 17
VisualStudioVersion = 17.14.37203.1 d17.14
MinimumVisualStudioVersion = 10.0.40219.1
Project("{FAE04EC0-301F-11D3-BF4B-00C04F79EFBC}") = "SwapNumbersAppRevision", "SwapNumbersAppRevision\SwapNumbersAppRevision.csproj", "{685B90F1-ADE5-42E6-84BF-E2BF3CC2090D}"
EndProject
Global
	GlobalSection(SolutionConfigurationPlatforms) = preSolution
		Debug|Any CPU = Debug|Any CPU
		Release|Any CPU = Release|Any CPU
	EndGlobalSection
	GlobalSection(ProjectConfigurationPlatforms) = postSolution
		{685B90F1-ADE5-42E6-84BF-E2BF3CC2090D}.Debug|Any CPU.ActiveCfg = Debug|Any CPU
		{685B90F1-ADE5-42E6-84BF-E2BF3CC2090D}.Debug|Any CPU.Build.0 = Debug|Any CPU
		{685B90F1-ADE5-42E6-84BF-E2BF3CC2090D}.Release|Any CPU.ActiveCfg = Release|Any CPU
		{685B90F1-ADE5-42E6-84BF-E2BF3CC2090D}.Release|Any CPU.Build.0 = Release|Any CPU
	EndGlobalSection
	GlobalSection(SolutionProperties) = preSolution
		HideSolutionNode = FALSE
	EndGlobalSection
	GlobalSection(ExtensibilityGlobals) = postSolution
		SolutionGuid = {8AFF1593-90EC-44AC-B1C8-213833253DE4}
	EndGlobalSection
EndGlobal
