
Microsoft Visual Studio Solution File, Format Version 12.00
# Visual Studio Version 17
VisualStudioVersion = 17.6.33815.320
MinimumVisualStudioVersion = 10.0.40219.1
Project("{FAE04EC0-301F-11D3-BF4B-00C04F79EFBC}") = "ConsoleApp1", "ConsoleApp1\ConsoleApp1.csproj", "{7B362903-60F4-4389-8B48-C2CD7185A2E8}"
EndProject
Global
	GlobalSection(SolutionConfigurationPlatforms) = preSolution
		Debug|Any CPU = Debug|Any CPU
		Release|Any CPU = Release|Any CPU
	EndGlobalSection
	GlobalSection(ProjectConfigurationPlatforms) = postSolution
		{7B362903-60F4-4389-8B48-C2CD7185A2E8}.Debug|Any CPU.ActiveCfg = Debug|Any CPU
		{7B362903-60F4-4389-8B48-C2CD7185A2E8}.Debug|Any CPU.Build.0 = Debug|Any CPU
		{7B362903-60F4-4389-8B48-C2CD7185A2E8}.Release|Any CPU.ActiveCfg = Release|Any CPU
		{7B362903-60F4-4389-8B48-C2CD7185A2E8}.Release|Any CPU.Build.0 = Release|Any CPU
	EndGlobalSection
	GlobalSection(SolutionProperties) = preSolution
		HideSolutionNode = FALSE
	EndGlobalSection
	GlobalSection(ExtensibilityGlobals) = postSolution
		SolutionGuid = {A106ED50-6595-4ECC-8DA6-38C7A0A6E032}
	EndGlobalSection
EndGlobal
