
Microsoft Visual Studio Solution File, Format Version 12.00
# Visual Studio Version 17
VisualStudioVersion = 17.6.33815.320
MinimumVisualStudioVersion = 10.0.40219.1
Project("{FAE04EC0-301F-11D3-BF4B-00C04F79EFBC}") = "parsingPt2", "parsingPt2\parsingPt2.csproj", "{F6D275B8-C2C7-4390-A45A-715B4ABF5A83}"
EndProject
Global
	GlobalSection(SolutionConfigurationPlatforms) = preSolution
		Debug|Any CPU = Debug|Any CPU
		Release|Any CPU = Release|Any CPU
	EndGlobalSection
	GlobalSection(ProjectConfigurationPlatforms) = postSolution
		{F6D275B8-C2C7-4390-A45A-715B4ABF5A83}.Debug|Any CPU.ActiveCfg = Debug|Any CPU
		{F6D275B8-C2C7-4390-A45A-715B4ABF5A83}.Debug|Any CPU.Build.0 = Debug|Any CPU
		{F6D275B8-C2C7-4390-A45A-715B4ABF5A83}.Release|Any CPU.ActiveCfg = Release|Any CPU
		{F6D275B8-C2C7-4390-A45A-715B4ABF5A83}.Release|Any CPU.Build.0 = Release|Any CPU
	EndGlobalSection
	GlobalSection(SolutionProperties) = preSolution
		HideSolutionNode = FALSE
	EndGlobalSection
	GlobalSection(ExtensibilityGlobals) = postSolution
		SolutionGuid = {C947F402-72C1-4294-8071-8D03BD3ACC72}
	EndGlobalSection
EndGlobal
