
Microsoft Visual Studio Solution File, Format Version 12.00
# Visual Studio Version 17
VisualStudioVersion = 17.14.37203.1 d17.14
MinimumVisualStudioVersion = 10.0.40219.1
Project("{FAE04EC0-301F-11D3-BF4B-00C04F79EFBC}") = "ConsoleAppRevision5", "ConsoleAppRevision5\ConsoleAppRevision5.csproj", "{3D969F52-1DD2-4A18-9C42-1BAD29258694}"
EndProject
Project("{FAE04EC0-301F-11D3-BF4B-00C04F79EFBC}") = "Classes", "Classes\Classes.csproj", "{68E8CA6B-8C69-4E7F-9CF4-9221844999E4}"
EndProject
Global
	GlobalSection(SolutionConfigurationPlatforms) = preSolution
		Debug|Any CPU = Debug|Any CPU
		Release|Any CPU = Release|Any CPU
	EndGlobalSection
	GlobalSection(ProjectConfigurationPlatforms) = postSolution
		{3D969F52-1DD2-4A18-9C42-1BAD29258694}.Debug|Any CPU.ActiveCfg = Debug|Any CPU
		{3D969F52-1DD2-4A18-9C42-1BAD29258694}.Debug|Any CPU.Build.0 = Debug|Any CPU
		{3D969F52-1DD2-4A18-9C42-1BAD29258694}.Release|Any CPU.ActiveCfg = Release|Any CPU
		{3D969F52-1DD2-4A18-9C42-1BAD29258694}.Release|Any CPU.Build.0 = Release|Any CPU
		{68E8CA6B-8C69-4E7F-9CF4-9221844999E4}.Debug|Any CPU.ActiveCfg = Debug|Any CPU
		{68E8CA6B-8C69-4E7F-9CF4-9221844999E4}.Debug|Any CPU.Build.0 = Debug|Any CPU
		{68E8CA6B-8C69-4E7F-9CF4-9221844999E4}.Release|Any CPU.ActiveCfg = Release|Any CPU
		{68E8CA6B-8C69-4E7F-9CF4-9221844999E4}.Release|Any CPU.Build.0 = Release|Any CPU
	EndGlobalSection
	GlobalSection(SolutionProperties) = preSolution
		HideSolutionNode = FALSE
	EndGlobalSection
	GlobalSection(ExtensibilityGlobals) = postSolution
		SolutionGuid = {191B9803-AA97-4DF9-8595-4329CB359829}
	EndGlobalSection
EndGlobal
